// !$*UTF8*$!
{
	archiveVersion = 1;
	classes = {
	};
	objectVersion = 46;
	objects = {

/* Begin PBXBuildFile section */
		4BAA6B0D177ADAE3008B3316 /* UIKit.framework in Frameworks */ = {isa = PBXBuildFile; fileRef = 4BAA6B0C177ADAE3008B3316 /* UIKit.framework */; };
		4BAA6B0F177ADAE3008B3316 /* Foundation.framework in Frameworks */ = {isa = PBXBuildFile; fileRef = 4BAA6B0E177ADAE3008B3316 /* Foundation.framework */; };
		4BAA6B11177ADAE3008B3316 /* CoreGraphics.framework in Frameworks */ = {isa = PBXBuildFile; fileRef = 4BAA6B10177ADAE3008B3316 /* CoreGraphics.framework */; };
		4BAA6B17177ADAE3008B3316 /* InfoPlist.strings in Resources */ = {isa = PBXBuildFile; fileRef = 4BAA6B15177ADAE3008B3316 /* InfoPlist.strings */; };
		4BAA6B19177ADAE3008B3316 /* main.m in Sources */ = {isa = PBXBuildFile; fileRef = 4BAA6B18177ADAE3008B3316 /* main.m */; };
		4BAA6B1D177ADAE3008B3316 /* AppDelegate.m in Sources */ = {isa = PBXBuildFile; fileRef = 4BAA6B1C177ADAE3008B3316 /* AppDelegate.m */; };
		4BAA6B1F177ADAE3008B3316 /* Default.png in Resources */ = {isa = PBXBuildFile; fileRef = 4BAA6B1E177ADAE3008B3316 /* Default.png */; };
		4BAA6B21177ADAE3008B3316 /* Default@2x.png in Resources */ = {isa = PBXBuildFile; fileRef = 4BAA6B20177ADAE3008B3316 /* Default@2x.png */; };
		4BAA6B23177ADAE3008B3316 /* Default-568h@2x.png in Resources */ = {isa = PBXBuildFile; fileRef = 4BAA6B22177ADAE3008B3316 /* Default-568h@2x.png */; };
		4BAA6B26177ADAE3008B3316 /* ViewController.m in Sources */ = {isa = PBXBuildFile; fileRef = 4BAA6B25177ADAE3008B3316 /* ViewController.m */; };
		4BAA6B29177ADAE3008B3316 /* ViewController.xib in Resources */ = {isa = PBXBuildFile; fileRef = 4BAA6B27177ADAE3008B3316 /* ViewController.xib */; };
/* End PBXBuildFile section */

/* Begin PBXFileReference section */
		4BAA6B08177ADAE3008B3316 /* HelloWorld.app */ = {isa = PBXFileReference; explicitFileType = wrapper.application; includeInIndex = 0; path = HelloWorld.app; sourceTree = BUILT_PRODUCTS_DIR; };
		4BAA6B0C177ADAE3008B3316 /* UIKit.framework */ = {isa = PBXFileReference; lastKnownFileType = wrapper.framework; name = UIKit.framework; path = System/Library/Frameworks/UIKit.framework; sourceTree = SDKROOT; };
		4BAA6B0E177ADAE3008B3316 /* Foundation.framework */ = {isa = PBXFileReference; lastKnownFileType = wrapper.framework; name = Foundation.framework; path = System/Library/Frameworks/Foundation.framework; sourceTree = SDKROOT; };
		4BAA6B10177ADAE3008B3316 /* CoreGraphics.framework */ = {isa = PBXFileReference; lastKnownFileType = wrapper.framework; name = CoreGraphics.framework; path = System/Library/Frameworks/CoreGraphics.framework; sourceTree = SDKROOT; };
		4BAA6B14177ADAE3008B3316 /* HelloWorld-Info.plist */ = {isa = PBXFileReference; lastKnownFileType = text.plist.xml; path = "HelloWorld-Info.plist"; sourceTree = "<group>"; };
		4BAA6B16177ADAE3008B3316 /* en */ = {isa = PBXFileReference; lastKnownFileType = text.plist.strings; name = en; path = en.lproj/InfoPlist.strings; sourceTree = "<group>"; };
		4BAA6B18177ADAE3008B3316 /* main.m */ = {isa = PBXFileReference; lastKnownFileType = sourcecode.c.objc; path = main.m; sourceTree = "<group>"; };
		4BAA6B1A177ADAE3008B3316 /* HelloWorld-Prefix.pch */ = {isa = PBXFileReference; lastKnownFileType = sourcecode.c.h; path = "HelloWorld-Prefix.pch"; sourceTree = "<group>"; };
		4BAA6B1B177ADAE3008B3316 /* AppDelegate.h */ = {isa = PBXFileReference; lastKnownFileType = sourcecode.c.h; path = AppDelegate.h; sourceTree = "<group>"; };
		4BAA6B1C177ADAE3008B3316 /* AppDelegate.m */ = {isa = PBXFileReference; lastKnownFileType = sourcecode.c.objc; path = AppDelegate.m; sourceTree = "<group>"; };
		4BAA6B1E177ADAE3008B3316 /* Default.png */ = {isa = PBXFileReference; lastKnownFileType = image.png; path = Default.png; sourceTree = "<group>"; };
		4BAA6B20177ADAE3008B3316 /* Default@2x.png */ = {isa = PBXFileReference; lastKnownFileType = image.png; path = "Default@2x.png"; sourceTree = "<group>"; };
		4BAA6B22177ADAE3008B3316 /* Default-568h@2x.png */ = {isa = PBXFileReference; lastKnownFileType = image.png; path = "Default-568h@2x.png"; sourceTree = "<group>"; };
		4BAA6B24177ADAE3008B3316 /* ViewController.h */ = {isa = PBXFileReference; lastKnownFileType = sourcecode.c.h; path = ViewController.h; sourceTree = "<group>"; };
		4BAA6B25177ADAE3008B3316 /* ViewController.m */ = {isa = PBXFileReference; lastKnownFileType = sourcecode.c.objc; path = ViewController.m; sourceTree = "<group>"; };
		4BAA6B28177ADAE3008B3316 /* en */ = {isa = PBXFileReference; lastKnownFileType = file.xib; name = en; path = en.lproj/ViewController.xib; sourceTree = "<group>"; };
/* End PBXFileReference section */

/* Begin PBXFrameworksBuildPhase section */
		4BAA6B05177ADAE3008B3316 /* Frameworks */ = {
			isa = PBXFrameworksBuildPhase;
			buildActionMask = 2147483647;
			files = (
				4BAA6B0D177ADAE3008B3316 /* UIKit.framework in Frameworks */,
				4BAA6B0F177ADAE3008B3316 /* Foundation.framework in Frameworks */,
				4BAA6B11177ADAE3008B3316 /* CoreGraphics.framework in Frameworks */,
			);
			runOnlyForDeploymentPostprocessing = 0;
		};
/* End PBXFrameworksBuildPhase section */

/* Begin PBXGroup section */
		4BAA6AFD177ADAE2008B3316 = {
			isa = PBXGroup;
			children = (
				4BAA6B12177ADAE3008B3316 /* HelloWorld */,
				4BAA6B0B177ADAE3008B3316 /* Frameworks */,
				4BAA6B09177ADAE3008B3316 /* Products */,
			);
			sourceTree = "<group>";
		};
		4BAA6B09177ADAE3008B3316 /* Products */ = {
			isa = PBXGroup;
			children = (
				4BAA6B08177ADAE3008B3316 /* HelloWorld.app */,
			);
			name = Products;
			sourceTree = "<group>";
		};
		4BAA6B0B177ADAE3008B3316 /* Frameworks */ = {
			isa = PBXGroup;
			children = (
				4BAA6B0C177ADAE3008B3316 /* UIKit.framework */,
				4BAA6B0E177ADAE3008B3316 /* Foundation.framework */,
				4BAA6B10177ADAE3008B3316 /* CoreGraphics.framework */,
			);
			name = Frameworks;
			sourceTree = "<group>";
		};
		4BAA6B12177ADAE3008B3316 /* HelloWorld */ = {
			isa = PBXGroup;
			children = (
				4BAA6B1B177ADAE3008B3316 /* AppDelegate.h */,
				4BAA6B1C177ADAE3008B3316 /* AppDelegate.m */,
				4BAA6B24177ADAE3008B3316 /* ViewController.h */,
				4BAA6B25177ADAE3008B3316 /* ViewController.m */,
				4BAA6B27177ADAE3008B3316 /* ViewController.xib */,
				4BAA6B13177ADAE3008B3316 /* Supporting Files */,
			);
			path = HelloWorld;
			sourceTree = "<group>";
		};
		4BAA6B13177ADAE3008B3316 /* Supporting Files */ = {
			isa = PBXGroup;
			children = (
				4BAA6B14177ADAE3008B3316 /* HelloWorld-Info.plist */,
				4BAA6B15177ADAE3008B3316 /* InfoPlist.strings */,
				4BAA6B18177ADAE3008B3316 /* main.m */,
				4BAA6B1A177ADAE3008B3316 /* HelloWorld-Prefix.pch */,
				4BAA6B1E177ADAE3008B3316 /* Default.png */,
				4BAA6B20177ADAE3008B3316 /* Default@2x.png */,
				4BAA6B22177ADAE3008B3316 /* Default-568h@2x.png */,
			);
			name = "Supporting Files";
			sourceTree = "<group>";
		};
/* End PBXGroup section */

/* Begin PBXNativeTarget section */
		4BAA6B07177ADAE3008B3316 /* HelloWorld */ = {
			isa = PBXNativeTarget;
			buildConfigurationList = 4BAA6B2C177ADAE3008B3316 /* Build configuration list for PBXNativeTarget "HelloWorld" */;
			buildPhases = (
				4BAA6B04177ADAE3008B3316 /* Sources */,
				4BAA6B05177ADAE3008B3316 /* Frameworks */,
				4BAA6B06177ADAE3008B3316 /* Resources */,
			);
			buildRules = (
			);
			dependencies = (
			);
			name = HelloWorld;
			productName = HelloWorld;
			productReference = 4BAA6B08177ADAE3008B3316 /* HelloWorld.app */;
			productType = "com.apple.product-type.application";
		};
/* End PBXNativeTarget section */

/* Begin PBXProject section */
		4BAA6AFF177ADAE2008B3316 /* Project object */ = {
			isa = PBXProject;
			attributes = {
				LastUpgradeCheck = 0450;
				ORGANIZATIONNAME = Vgo;
			};
			buildConfigurationList = 4BAA6B02177ADAE2008B3316 /* Build configuration list for PBXProject "HelloWorld" */;
			compatibilityVersion = "Xcode 3.2";
			developmentRegion = English;
			hasScannedForEncodings = 0;
			knownRegions = (
				en,
			);
			mainGroup = 4BAA6AFD177ADAE2008B3316;
			productRefGroup = 4BAA6B09177ADAE3008B3316 /* Products */;
			projectDirPath = "";
			projectRoot = "";
			targets = (
				4BAA6B07177ADAE3008B3316 /* HelloWorld */,
			);
		};
/* End PBXProject section */

/* Begin PBXResourcesBuildPhase section */
		4BAA6B06177ADAE3008B3316 /* Resources */ = {
			isa = PBXResourcesBuildPhase;
			buildActionMask = 2147483647;
			files = (
				4BAA6B17177ADAE3008B3316 /* InfoPlist.strings in Resources */,
				4BAA6B1F177ADAE3008B3316 /* Default.png in Resources */,
				4BAA6B21177ADAE3008B3316 /* Default@2x.png in Resources */,
				4BAA6B23177ADAE3008B3316 /* Default-568h@2x.png in Resources */,
				4BAA6B29177ADAE3008B3316 /* ViewController.xib in Resources */,
			);
			runOnlyForDeploymentPostprocessing = 0;
		};
/* End PBXResourcesBuildPhase section */

/* Begin PBXSourcesBuildPhase section */
		4BAA6B04177ADAE3008B3316 /* Sources */ = {
			isa = PBXSourcesBuildPhase;
			buildActionMask = 2147483647;
			files = (
				4BAA6B19177ADAE3008B3316 /* main.m in Sources */,
				4BAA6B1D177ADAE3008B3316 /* AppDelegate.m in Sources */,
				4BAA6B26177ADAE3008B3316 /* ViewController.m in Sources */,
			);
			runOnlyForDeploymentPostprocessing = 0;
		};
/* End PBXSourcesBuildPhase section */

/* Begin PBXVariantGroup section */
		4BAA6B15177ADAE3008B3316 /* InfoPlist.strings */ = {
			isa = PBXVariantGroup;
			children = (
				4BAA6B16177ADAE3008B3316 /* en */,
			);
			name = InfoPlist.strings;
			sourceTree = "<group>";
		};
		4BAA6B27177ADAE3008B3316 /* ViewController.xib */ = {
			isa = PBXVariantGroup;
			children = (
				4BAA6B28177ADAE3008B3316 /* en */,
			);
			name = ViewController.xib;
			sourceTree = "<group>";
		};
/* End PBXVariantGroup section */

/* Begin XCBuildConfiguration section */
		4BAA6B2A177ADAE3008B3316 /* Debug */ = {
			isa = XCBuildConfiguration;
			buildSettings = {
				ALWAYS_SEARCH_USER_PATHS = NO;
				CLANG_CXX_LANGUAGE_STANDARD = "gnu++0x";
				CLANG_CXX_LIBRARY = "libc++";
				CLANG_WARN_EMPTY_BODY = YES;
				CLANG_WARN__DUPLICATE_METHOD_MATCH = YES;
				"CODE_SIGN_IDENTITY[sdk=iphoneos*]" = "iPhone Developer";
				COPY_PHASE_STRIP = NO;
				GCC_C_LANGUAGE_STANDARD = gnu99;
				GCC_DYNAMIC_NO_PIC = NO;
				GCC_OPTIMIZATION_LEVEL = 0;
				GCC_PREPROCESSOR_DEFINITIONS = (
					"DEBUG=1",
					"$(inherited)",
				);
				GCC_SYMBOLS_PRIVATE_EXTERN = NO;
				GCC_WARN_ABOUT_RETURN_TYPE = YES;
				GCC_WARN_UNINITIALIZED_AUTOS = YES;
				GCC_WARN_UNUSED_VARIABLE = YES;
				IPHONEOS_DEPLOYMENT_TARGET = 6.0;
				ONLY_ACTIVE_ARCH = YES;
				SDKROOT = iphoneos;
			};
			name = Debug;
		};
		4BAA6B2B177ADAE3008B3316 /* Release */ = {
			isa = XCBuildConfiguration;
			buildSettings = {
				ALWAYS_SEARCH_USER_PATHS = NO;
				CLANG_CXX_LANGUAGE_STANDARD = "gnu++0x";
				CLANG_CXX_LIBRARY = "libc++";
				CLANG_WARN_EMPTY_BODY = YES;
				CLANG_WARN__DUPLICATE_METHOD_MATCH = YES;
				"CODE_SIGN_IDENTITY[sdk=iphoneos*]" = "iPhone Developer";
				COPY_PHASE_STRIP = YES;
				GCC_C_LANGUAGE_STANDARD = gnu99;
				GCC_WARN_ABOUT_RETURN_TYPE = YES;
				GCC_WARN_UNINITIALIZED_AUTOS = YES;
				GCC_WARN_UNUSED_VARIABLE = YES;
				IPHONEOS_DEPLOYMENT_TARGET = 6.0;
				OTHER_CFLAGS = "-DNS_BLOCK_ASSERTIONS=1";
				SDKROOT = iphoneos;
				VALIDATE_PRODUCT = YES;
			};
			name = Release;
		};
		4BAA6B2D177ADAE3008B3316 /* Debug */ = {
			isa = XCBuildConfiguration;
			buildSettings = {
				GCC_PRECOMPILE_PREFIX_HEADER = YES;
				GCC_PREFIX_HEADER = "HelloWorld/HelloWorld-Prefix.pch";
				INFOPLIST_FILE = "HelloWorld/HelloWorld-Info.plist";
				PRODUCT_NAME = "$(TARGET_NAME)";
				WRAPPER_EXTENSION = app;
			};
			name = Debug;
		};
		4BAA6B2E177ADAE3008B3316 /* Release */ = {
			isa = XCBuildConfiguration;
			buildSettings = {
				GCC_PRECOMPILE_PREFIX_HEADER = YES;
				GCC_PREFIX_HEADER = "HelloWorld/HelloWorld-Prefix.pch";
				INFOPLIST_FILE = "HelloWorld/HelloWorld-Info.plist";
				PRODUCT_NAME = "$(TARGET_NAME)";
				WRAPPER_EXTENSION = app;
			};
			name = Release;
		};
/* End XCBuildConfiguration section */

/* Begin XCConfigurationList section */
		4BAA6B02177ADAE2008B3316 /* Build configuration list for PBXProject "HelloWorld" */ = {
			isa = XCConfigurationList;
			buildConfigurations = (
				4BAA6B2A177ADAE3008B3316 /* Debug */,
				4BAA6B2B177ADAE3008B3316 /* Release */,
			);
			defaultConfigurationIsVisible = 0;
			defaultConfigurationName = Release;
		};
		4BAA6B2C177ADAE3008B3316 /* Build configuration list for PBXNativeTarget "HelloWorld" */ = {
			isa = XCConfigurationList;
			buildConfigurations = (
				4BAA6B2D177ADAE3008B3316 /* Debug */,
				4BAA6B2E177ADAE3008B3316 /* Release */,
			);
			defaultConfigurationIsVisible = 0;
		};
/* End XCConfigurationList section */
	};
	rootObject = 4BAA6AFF177ADAE2008B3316 /* Project object */;
}
